
Microsoft Visual Studio Solution File, Format Version 12.00
# Visual Studio Version 17
VisualStudioVersion = 17.11.35312.102
MinimumVisualStudioVersion = 10.0.40219.1
Project("{2150E333-8FDC-42A3-9474-1A3956D46DE8}") = "src", "src", "{E54C0E3E-0189-4CCF-8DB9-3BE979D5D49E}"
EndProject
Project("{2150E333-8FDC-42A3-9474-1A3956D46DE8}") = "1. Service Layer", "1. Service Layer", "{CFF69A8A-CA09-4CBA-8D6A-B9DFAFA4BDA4}"
EndProject
Project("{2150E333-8FDC-42A3-9474-1A3956D46DE8}") = "2. Business Logic Layer", "2. Business Logic Layer", "{38BC4562-E287-48D5-872B-527351E01876}"
EndProject
Project("{2150E333-8FDC-42A3-9474-1A3956D46DE8}") = "3. Data Access Layer", "3. Data Access Layer", "{3332D352-139A-4CB7-8CDA-CD3D0C2954FE}"
EndProject
Project("{2150E333-8FDC-42A3-9474-1A3956D46DE8}") = "4. DTOs", "4. DTOs", "{3D6A360E-232B-4060-B363-82935DA78471}"
EndProject
Project("{FAE04EC0-301F-11D3-BF4B-00C04F79EFBC}") = "WcfService1", "WcfService1\WcfService1.csproj", "{C577A270-EAD1-4E34-87BE-DEE934F61A41}"
EndProject
Project("{FAE04EC0-301F-11D3-BF4B-00C04F79EFBC}") = "PersonService.BusinessLogicLayer", "PersonService.BusinessLogicLayer\PersonService.BusinessLogicLayer.csproj", "{3CF7FD33-D3DE-415E-B75D-6F200A303901}"
EndProject
Project("{FAE04EC0-301F-11D3-BF4B-00C04F79EFBC}") = "PersonService.DataAccessLayer", "PersonService.DataAccessLayer\PersonService.DataAccessLayer.csproj", "{10E2F56A-1029-4311-89D4-96F89546420B}"
EndProject
Project("{FAE04EC0-301F-11D3-BF4B-00C04F79EFBC}") = "PersonService.DTOs", "PersonService.DTOs\PersonService.DTOs.csproj", "{499216A5-5A02-4214-BD09-4AB42A5C5E45}"
EndProject
Global
	GlobalSection(SolutionConfigurationPlatforms) = preSolution
		Debug|Any CPU = Debug|Any CPU
		Release|Any CPU = Release|Any CPU
	EndGlobalSection
	GlobalSection(ProjectConfigurationPlatforms) = postSolution
		{C577A270-EAD1-4E34-87BE-DEE934F61A41}.Debug|Any CPU.ActiveCfg = Debug|Any CPU
		{C577A270-EAD1-4E34-87BE-DEE934F61A41}.Debug|Any CPU.Build.0 = Debug|Any CPU
		{C577A270-EAD1-4E34-87BE-DEE934F61A41}.Release|Any CPU.ActiveCfg = Release|Any CPU
		{C577A270-EAD1-4E34-87BE-DEE934F61A41}.Release|Any CPU.Build.0 = Release|Any CPU
		{3CF7FD33-D3DE-415E-B75D-6F200A303901}.Debug|Any CPU.ActiveCfg = Debug|Any CPU
		{3CF7FD33-D3DE-415E-B75D-6F200A303901}.Debug|Any CPU.Build.0 = Debug|Any CPU
		{3CF7FD33-D3DE-415E-B75D-6F200A303901}.Release|Any CPU.ActiveCfg = Release|Any CPU
		{3CF7FD33-D3DE-415E-B75D-6F200A303901}.Release|Any CPU.Build.0 = Release|Any CPU
		{10E2F56A-1029-4311-89D4-96F89546420B}.Debug|Any CPU.ActiveCfg = Debug|Any CPU
		{10E2F56A-1029-4311-89D4-96F89546420B}.Debug|Any CPU.Build.0 = Debug|Any CPU
		{10E2F56A-1029-4311-89D4-96F89546420B}.Release|Any CPU.ActiveCfg = Release|Any CPU
		{10E2F56A-1029-4311-89D4-96F89546420B}.Release|Any CPU.Build.0 = Release|Any CPU
		{499216A5-5A02-4214-BD09-4AB42A5C5E45}.Debug|Any CPU.ActiveCfg = Debug|Any CPU
		{499216A5-5A02-4214-BD09-4AB42A5C5E45}.Debug|Any CPU.Build.0 = Debug|Any CPU
		{499216A5-5A02-4214-BD09-4AB42A5C5E45}.Release|Any CPU.ActiveCfg = Release|Any CPU
		{499216A5-5A02-4214-BD09-4AB42A5C5E45}.Release|Any CPU.Build.0 = Release|Any CPU
	EndGlobalSection
	GlobalSection(SolutionProperties) = preSolution
		HideSolutionNode = FALSE
	EndGlobalSection
	GlobalSection(NestedProjects) = preSolution
		{CFF69A8A-CA09-4CBA-8D6A-B9DFAFA4BDA4} = {E54C0E3E-0189-4CCF-8DB9-3BE979D5D49E}
		{38BC4562-E287-48D5-872B-527351E01876} = {E54C0E3E-0189-4CCF-8DB9-3BE979D5D49E}
		{3332D352-139A-4CB7-8CDA-CD3D0C2954FE} = {E54C0E3E-0189-4CCF-8DB9-3BE979D5D49E}
		{3D6A360E-232B-4060-B363-82935DA78471} = {E54C0E3E-0189-4CCF-8DB9-3BE979D5D49E}
		{C577A270-EAD1-4E34-87BE-DEE934F61A41} = {CFF69A8A-CA09-4CBA-8D6A-B9DFAFA4BDA4}
		{3CF7FD33-D3DE-415E-B75D-6F200A303901} = {38BC4562-E287-48D5-872B-527351E01876}
		{10E2F56A-1029-4311-89D4-96F89546420B} = {3332D352-139A-4CB7-8CDA-CD3D0C2954FE}
		{499216A5-5A02-4214-BD09-4AB42A5C5E45} = {3D6A360E-232B-4060-B363-82935DA78471}
	EndGlobalSection
	GlobalSection(ExtensibilityGlobals) = postSolution
		SolutionGuid = {F4549FB4-7E25-4917-BBE0-FA82AB393EED}
	EndGlobalSection
EndGlobal
