
Microsoft Visual Studio Solution File, Format Version 12.00
# Visual Studio Version 17
VisualStudioVersion = 17.11.35312.102
MinimumVisualStudioVersion = 10.0.40219.1
Project("{2150E333-8FDC-42A3-9474-1A3956D46DE8}") = "src", "src", "{E54C0E3E-0189-4CCF-8DB9-3BE979D5D49E}"
EndProject
Project("{2150E333-8FDC-42A3-9474-1A3956D46DE8}") = "1. Service Layer", "1. Service Layer", "{CFF69A8A-CA09-4CBA-8D6A-B9DFAFA4BDA4}"
EndProject
Project("{2150E333-8FDC-42A3-9474-1A3956D46DE8}") = "2. Business Logic Layer", "2. Business Logic Layer", "{38BC4562-E287-48D5-872B-527351E01876}"
EndProject
Project("{2150E333-8FDC-42A3-9474-1A3956D46DE8}") = "3. Data Access Layer", "3. Data Access Layer", "{3332D352-139A-4CB7-8CDA-CD3D0C2954FE}"
EndProject
Project("{2150E333-8FDC-42A3-9474-1A3956D46DE8}") = "4. DTOs", "4. DTOs", "{3D6A360E-232B-4060-B363-82935DA78471}"
EndProject
Project("{FAE04EC0-301F-11D3-BF4B-00C04F79EFBC}") = "PersonService.DTOs", "ClassLibrary2\PersonService.DTOs.csproj", "{A6213D19-0203-4A42-B2C9-9A0658FC3F86}"
EndProject
Project("{FAE04EC0-301F-11D3-BF4B-00C04F79EFBC}") = "PersonService.DataAccessLayer", "ClassLibrary3\PersonService.DataAccessLayer.csproj", "{9813E09B-8232-464E-8E15-0631565CC6A0}"
EndProject
Project("{FAE04EC0-301F-11D3-BF4B-00C04F79EFBC}") = "PersonService.BusinessLogicLayer", "ClassLibrary4\PersonService.BusinessLogicLayer.csproj", "{321890BE-4133-49B7-ACF5-6A9CED34E362}"
EndProject
Project("{FAE04EC0-301F-11D3-BF4B-00C04F79EFBC}") = "WcfService1", "WcfService1\WcfService1.csproj", "{C577A270-EAD1-4E34-87BE-DEE934F61A41}"
EndProject
Global
	GlobalSection(SolutionConfigurationPlatforms) = preSolution
		Debug|Any CPU = Debug|Any CPU
		Release|Any CPU = Release|Any CPU
	EndGlobalSection
	GlobalSection(ProjectConfigurationPlatforms) = postSolution
		{A6213D19-0203-4A42-B2C9-9A0658FC3F86}.Debug|Any CPU.ActiveCfg = Debug|Any CPU
		{A6213D19-0203-4A42-B2C9-9A0658FC3F86}.Debug|Any CPU.Build.0 = Debug|Any CPU
		{A6213D19-0203-4A42-B2C9-9A0658FC3F86}.Release|Any CPU.ActiveCfg = Release|Any CPU
		{A6213D19-0203-4A42-B2C9-9A0658FC3F86}.Release|Any CPU.Build.0 = Release|Any CPU
		{9813E09B-8232-464E-8E15-0631565CC6A0}.Debug|Any CPU.ActiveCfg = Debug|Any CPU
		{9813E09B-8232-464E-8E15-0631565CC6A0}.Debug|Any CPU.Build.0 = Debug|Any CPU
		{9813E09B-8232-464E-8E15-0631565CC6A0}.Release|Any CPU.ActiveCfg = Release|Any CPU
		{9813E09B-8232-464E-8E15-0631565CC6A0}.Release|Any CPU.Build.0 = Release|Any CPU
		{321890BE-4133-49B7-ACF5-6A9CED34E362}.Debug|Any CPU.ActiveCfg = Debug|Any CPU
		{321890BE-4133-49B7-ACF5-6A9CED34E362}.Debug|Any CPU.Build.0 = Debug|Any CPU
		{321890BE-4133-49B7-ACF5-6A9CED34E362}.Release|Any CPU.ActiveCfg = Release|Any CPU
		{321890BE-4133-49B7-ACF5-6A9CED34E362}.Release|Any CPU.Build.0 = Release|Any CPU
		{C577A270-EAD1-4E34-87BE-DEE934F61A41}.Debug|Any CPU.ActiveCfg = Debug|Any CPU
		{C577A270-EAD1-4E34-87BE-DEE934F61A41}.Debug|Any CPU.Build.0 = Debug|Any CPU
		{C577A270-EAD1-4E34-87BE-DEE934F61A41}.Release|Any CPU.ActiveCfg = Release|Any CPU
		{C577A270-EAD1-4E34-87BE-DEE934F61A41}.Release|Any CPU.Build.0 = Release|Any CPU
	EndGlobalSection
	GlobalSection(SolutionProperties) = preSolution
		HideSolutionNode = FALSE
	EndGlobalSection
	GlobalSection(NestedProjects) = preSolution
		{CFF69A8A-CA09-4CBA-8D6A-B9DFAFA4BDA4} = {E54C0E3E-0189-4CCF-8DB9-3BE979D5D49E}
		{38BC4562-E287-48D5-872B-527351E01876} = {E54C0E3E-0189-4CCF-8DB9-3BE979D5D49E}
		{3332D352-139A-4CB7-8CDA-CD3D0C2954FE} = {E54C0E3E-0189-4CCF-8DB9-3BE979D5D49E}
		{3D6A360E-232B-4060-B363-82935DA78471} = {E54C0E3E-0189-4CCF-8DB9-3BE979D5D49E}
		{A6213D19-0203-4A42-B2C9-9A0658FC3F86} = {3D6A360E-232B-4060-B363-82935DA78471}
		{9813E09B-8232-464E-8E15-0631565CC6A0} = {3332D352-139A-4CB7-8CDA-CD3D0C2954FE}
		{321890BE-4133-49B7-ACF5-6A9CED34E362} = {38BC4562-E287-48D5-872B-527351E01876}
		{C577A270-EAD1-4E34-87BE-DEE934F61A41} = {CFF69A8A-CA09-4CBA-8D6A-B9DFAFA4BDA4}
	EndGlobalSection
	GlobalSection(ExtensibilityGlobals) = postSolution
		SolutionGuid = {F4549FB4-7E25-4917-BBE0-FA82AB393EED}
	EndGlobalSection
EndGlobal
